version = 1
requires-python = ">=3.10"

[[package]]
name = "annotated-types"
version = "0.7.0"
source = { registry = "https://artifactory.infra.ant.dev/artifactory/api/pypi/pypi-all/simple" }
wheels = [
    { url = "https://artifactory.infra.ant.dev/artifactory/api/pypi/pypi-all/annotated-types/0.7.0/annotated_types-0.7.0-py3-none-any.whl", hash = "sha256:1f02e8b43a8fbbc3f3e0d4f0f4bfc8131bcb4eebe8849b8e5c773f3a1c582a53" },
]

[[package]]
name = "anyio"
version = "4.8.0"
source = { registry = "https://artifactory.infra.ant.dev/artifactory/api/pypi/pypi-all/simple" }
dependencies = [
    { name = "exceptiongroup", marker = "python_full_version < '3.11'" },
    { name = "idna" },
    { name = "sniffio" },
    { name = "typing-extensions", marker = "python_full_version < '3.13'" },
]
sdist = { url = "https://artifactory.infra.ant.dev/artifactory/api/pypi/pypi-all/anyio/4.8.0/anyio-4.8.0.tar.gz", hash = "sha256:1d9fe889df5212298c0c0723fa20479d1b94883a2df44bd3897aa91083316f7a" }
wheels = [
    { url = "https://artifactory.infra.ant.dev/artifactory/api/pypi/pypi-all/anyio/4.8.0/anyio-4.8.0-py3-none-any.whl", hash = "sha256:b5011f270ab5eb0abf13385f851315585cc37ef330dd88e27ec3d34d651fd47a" },
]

[[package]]
name = "certifi"
version = "2024.8.30"
source = { registry = "https://artifactory.infra.ant.dev/artifactory/api/pypi/pypi-all/simple" }
sdist = { url = "https://artifactory.infra.ant.dev/artifactory/api/pypi/pypi-all/certifi/2024.8.30/certifi-2024.8.30.tar.gz", hash = "sha256:bec941d2aa8195e248a60b31ff9f0558284cf01a52591ceda73ea9afffd69fd9" }
wheels = [
    { url = "https://artifactory.infra.ant.dev/artifactory/api/pypi/pypi-all/certifi/2024.8.30/certifi-2024.8.30-py3-none-any.whl", hash = "sha256:922820b53db7a7257ffbda3f597266d435245903d80737e34f8a45ff3e3230d8" },
]

[[package]]
name = "click"
version = "8.1.7"
source = { registry = "https://artifactory.infra.ant.dev/artifactory/api/pypi/pypi-all/simple" }
dependencies = [
    { name = "colorama", marker = "platform_system == 'Windows'" },
]
sdist = { url = "https://artifactory.infra.ant.dev/artifactory/api/pypi/pypi-all/click/8.1.7/click-8.1.7.tar.gz", hash = "sha256:ca9853ad459e787e2192211578cc907e7594e294c7ccc834310722b41b9ca6de" }
wheels = [
    { url = "https://artifactory.infra.ant.dev/artifactory/api/pypi/pypi-all/click/8.1.7/click-8.1.7-py3-none-any.whl", hash = "sha256:ae74fb96c20a0277a1d615f1e4d73c8414f5a98db8b799a7931d1582f3390c28" },
]

[[package]]
name = "colorama"
version = "0.4.6"
source = { registry = "https://artifactory.infra.ant.dev/artifactory/api/pypi/pypi-all/simple" }
sdist = { url = "https://artifactory.infra.ant.dev/artifactory/api/pypi/pypi-all/colorama/0.4.6/colorama-0.4.6.tar.gz", hash = "sha256:08695f5cb7ed6e0531a20572697297273c47b8cae5a63ffc6d6ed5c201be6e44" }
wheels = [
    { url = "https://artifactory.infra.ant.dev/artifactory/api/pypi/pypi-all/colorama/0.4.6/colorama-0.4.6-py2.py3-none-any.whl", hash = "sha256:4f1d9991f5acc0ca119f9d443620b77f9d6b33703e51011c16baf57afb285fc6" },
]

[[package]]
name = "exceptiongroup"
version = "1.2.2"
source = { registry = "https://artifactory.infra.ant.dev/artifactory/api/pypi/pypi-all/simple" }
sdist = { url = "https://artifactory.infra.ant.dev/artifactory/api/pypi/pypi-all/exceptiongroup/1.2.2/exceptiongroup-1.2.2.tar.gz", hash = "sha256:47c2edf7c6738fafb49fd34290706d1a1a2f4d1c6df275526b62cbb4aa5393cc" }
wheels = [
    { url = "https://artifactory.infra.ant.dev/artifactory/api/pypi/pypi-all/exceptiongroup/1.2.2/exceptiongroup-1.2.2-py3-none-any.whl", hash = "sha256:3111b9d131c238bec2f8f516e123e14ba243563fb135d3fe885990585aa7795b" },
]

[[package]]
name = "h11"
version = "0.14.0"
source = { registry = "https://artifactory.infra.ant.dev/artifactory/api/pypi/pypi-all/simple" }
sdist = { url = "https://artifactory.infra.ant.dev/artifactory/api/pypi/pypi-all/h11/0.14.0/h11-0.14.0.tar.gz", hash = "sha256:8f19fbbe99e72420ff35c00b27a34cb9937e902a8b810e2c88300c6f0a3b699d" }
wheels = [
    { url = "https://artifactory.infra.ant.dev/artifactory/api/pypi/pypi-all/h11/0.14.0/h11-0.14.0-py3-none-any.whl", hash = "sha256:e3fe4ac4b851c468cc8363d500db52c2ead036020723024a109d37346efaa761" },
]

[[package]]
name = "httpcore"
version = "1.0.5"
source = { registry = "https://artifactory.infra.ant.dev/artifactory/api/pypi/pypi-all/simple" }
dependencies = [
    { name = "certifi" },
    { name = "h11" },
]
sdist = { url = "https://artifactory.infra.ant.dev/artifactory/api/pypi/pypi-all/httpcore/1.0.5/httpcore-1.0.5.tar.gz", hash = "sha256:34a38e2f9291467ee3b44e89dd52615370e152954ba21721378a87b2960f7a61" }
wheels = [
    { url = "https://artifactory.infra.ant.dev/artifactory/api/pypi/pypi-all/httpcore/1.0.5/httpcore-1.0.5-py3-none-any.whl", hash = "sha256:421f18bac248b25d310f3cacd198d55b8e6125c107797b609ff9b7a6ba7991b5" },
]

[[package]]
name = "httpx"
version = "0.27.2"
source = { registry = "https://artifactory.infra.ant.dev/artifactory/api/pypi/pypi-all/simple" }
dependencies = [
    { name = "anyio" },
    { name = "certifi" },
    { name = "httpcore" },
    { name = "idna" },
    { name = "sniffio" },
]
sdist = { url = "https://artifactory.infra.ant.dev/artifactory/api/pypi/pypi-all/httpx/0.27.2/httpx-0.27.2.tar.gz", hash = "sha256:f7c2be1d2f3c3c3160d441802406b206c2b76f5947b11115e6df10c6c65e66c2" }
wheels = [
    { url = "https://artifactory.infra.ant.dev/artifactory/api/pypi/pypi-all/httpx/0.27.2/httpx-0.27.2-py3-none-any.whl", hash = "sha256:7bb2708e112d8fdd7829cd4243970f0c223274051cb35ee80c03301ee29a3df0" },
]

[[package]]
name = "httpx-sse"
version = "0.4.0"
source = { registry = "https://artifactory.infra.ant.dev/artifactory/api/pypi/pypi-all/simple" }
sdist = { url = "https://artifactory.infra.ant.dev/artifactory/api/pypi/pypi-all/httpx-sse/0.4.0/httpx-sse-0.4.0.tar.gz", hash = "sha256:1e81a3a3070ce322add1d3529ed42eb5f70817f45ed6ec915ab753f961139721" }
wheels = [
    { url = "https://artifactory.infra.ant.dev/artifactory/api/pypi/pypi-all/httpx-sse/0.4.0/httpx_sse-0.4.0-py3-none-any.whl", hash = "sha256:f329af6eae57eaa2bdfd962b42524764af68075ea87370a2de920af5341e318f" },
]

[[package]]
name = "idna"
version = "3.10"
source = { registry = "https://artifactory.infra.ant.dev/artifactory/api/pypi/pypi-all/simple" }
sdist = { url = "https://artifactory.infra.ant.dev/artifactory/api/pypi/pypi-all/idna/3.10/idna-3.10.tar.gz", hash = "sha256:12f65c9b470abda6dc35cf8e63cc574b1c52b11df2c86030af0ac09b01b13ea9" }
wheels = [
    { url = "https://artifactory.infra.ant.dev/artifactory/api/pypi/pypi-all/idna/3.10/idna-3.10-py3-none-any.whl", hash = "sha256:946d195a0d259cbba61165e88e65941f16e9b36ea6ddb97f00452bae8b1287d3" },
]

[[package]]
name = "markdown-it-py"
version = "3.0.0"
source = { registry = "https://artifactory.infra.ant.dev/artifactory/api/pypi/pypi-all/simple" }
dependencies = [
    { name = "mdurl" },
]
sdist = { url = "https://artifactory.infra.ant.dev/artifactory/api/pypi/pypi-all/markdown-it-py/3.0.0/markdown-it-py-3.0.0.tar.gz", hash = "sha256:e3f60a94fa066dc52ec76661e37c851cb232d92f9886b15cb560aaada2df8feb" }
wheels = [
    { url = "https://artifactory.infra.ant.dev/artifactory/api/pypi/pypi-all/markdown-it-py/3.0.0/markdown_it_py-3.0.0-py3-none-any.whl", hash = "sha256:355216845c60bd96232cd8d8c40e8f9765cc86f46880e43a8fd22dc1a1a8cab1" },
]

[[package]]
name = "mcp"
version = "1.2.0"
source = { registry = "https://artifactory.infra.ant.dev/artifactory/api/pypi/pypi-all/simple" }
dependencies = [
    { name = "anyio" },
    { name = "httpx" },
    { name = "httpx-sse" },
    { name = "pydantic" },
    { name = "pydantic-settings" },
    { name = "sse-starlette" },
    { name = "starlette" },
    { name = "uvicorn" },
]
sdist = { url = "https://artifactory.infra.ant.dev/artifactory/api/pypi/pypi-all/mcp/1.2.0/mcp-1.2.0.tar.gz", hash = "sha256:2b06c7ece98d6ea9e6379caa38d74b432385c338fb530cb82e2c70ea7add94f5" }
wheels = [
    { url = "https://artifactory.infra.ant.dev/artifactory/api/pypi/pypi-all/mcp/1.2.0/mcp-1.2.0-py3-none-any.whl", hash = "sha256:1d0e77d8c14955a5aea1f5aa1f444c8e531c09355c829b20e42f7a142bc0755f" },
]

[package.optional-dependencies]
cli = [
    { name = "python-dotenv" },
    { name = "typer" },
]

[[package]]
name = "mdurl"
version = "0.1.2"
source = { registry = "https://artifactory.infra.ant.dev/artifactory/api/pypi/pypi-all/simple" }
sdist = { url = "https://artifactory.infra.ant.dev/artifactory/api/pypi/pypi-all/mdurl/0.1.2/mdurl-0.1.2.tar.gz", hash = "sha256:bb413d29f5eea38f31dd4754dd7377d4465116fb207585f97bf925588687c1ba" }
wheels = [
    { url = "https://artifactory.infra.ant.dev/artifactory/api/pypi/pypi-all/mdurl/0.1.2/mdurl-0.1.2-py3-none-any.whl", hash = "sha256:84008a41e51615a49fc9966191ff91509e3c40b939176e643fd50a5c2196b8f8" },
]

[[package]]
name = "pydantic"
version = "2.10.1"
source = { registry = "https://artifactory.infra.ant.dev/artifactory/api/pypi/pypi-all/simple" }
dependencies = [
    { name = "annotated-types" },
    { name = "pydantic-core" },
    { name = "typing-extensions" },
]
sdist = { url = "https://artifactory.infra.ant.dev/artifactory/api/pypi/pypi-all/pydantic/2.10.1/pydantic-2.10.1.tar.gz", hash = "sha256:a4daca2dc0aa429555e0656d6bf94873a7dc5f54ee42b1f5873d666fb3f35560" }
wheels = [
    { url = "https://artifactory.infra.ant.dev/artifactory/api/pypi/pypi-all/pydantic/2.10.1/pydantic-2.10.1-py3-none-any.whl", hash = "sha256:a8d20db84de64cf4a7d59e899c2caf0fe9d660c7cfc482528e7020d7dd189a7e" },
]

[[package]]
name = "pydantic-core"
version = "2.27.1"
source = { registry = "https://artifactory.infra.ant.dev/artifactory/api/pypi/pypi-all/simple" }
dependencies = [
    { name = "typing-extensions" },
]
sdist = { url = "https://artifactory.infra.ant.dev/artifactory/api/pypi/pypi-all/pydantic-core/2.27.1/pydantic_core-2.27.1.tar.gz", hash = "sha256:62a763352879b84aa31058fc931884055fd75089cccbd9d58bb6afd01141b235" }
wheels = [
    { url = "https://artifactory.infra.ant.dev/artifactory/api/pypi/pypi-all/pydantic-core/2.27.1/pydantic_core-2.27.1-cp311-cp311-macosx_10_12_x86_64.whl", hash = "sha256:ac3b20653bdbe160febbea8aa6c079d3df19310d50ac314911ed8cc4eb7f8cb8" },
    { url = "https://artifactory.infra.ant.dev/artifactory/api/pypi/pypi-all/pydantic-core/2.27.1/pydantic_core-2.27.1-cp311-cp311-macosx_11_0_arm64.whl", hash = "sha256:a5a8e19d7c707c4cadb8c18f5f60c843052ae83c20fa7d44f41594c644a1d330" },
    { url = "https://artifactory.infra.ant.dev/artifactory/api/pypi/pypi-all/pydantic-core/2.27.1/pydantic_core-2.27.1-cp311-cp311-manylinux_2_17_aarch64.manylinux2014_aarch64.whl", hash = "sha256:7f7059ca8d64fea7f238994c97d91f75965216bcbe5f695bb44f354893f11d52" },
    { url = "https://artifactory.infra.ant.dev/artifactory/api/pypi/pypi-all/pydantic-core/2.27.1/pydantic_core-2.27.1-cp311-cp311-manylinux_2_17_armv7l.manylinux2014_armv7l.whl", hash = "sha256:bed0f8a0eeea9fb72937ba118f9db0cb7e90773462af7962d382445f3005e5a4" },
    { url = "https://artifactory.infra.ant.dev/artifactory/api/pypi/pypi-all/pydantic-core/2.27.1/pydantic_core-2.27.1-cp311-cp311-manylinux_2_17_ppc64le.manylinux2014_ppc64le.whl", hash = "sha256:a3cb37038123447cf0f3ea4c74751f6a9d7afef0eb71aa07bf5f652b5e6a132c" },
    { url = "https://artifactory.infra.ant.dev/artifactory/api/pypi/pypi-all/pydantic-core/2.27.1/pydantic_core-2.27.1-cp311-cp311-manylinux_2_17_s390x.manylinux2014_s390x.whl", hash = "sha256:84286494f6c5d05243456e04223d5a9417d7f443c3b76065e75001beb26f88de" },
    { url = "https://artifactory.infra.ant.dev/artifactory/api/pypi/pypi-all/pydantic-core/2.27.1/pydantic_core-2.27.1-cp311-cp311-manylinux_2_17_x86_64.manylinux2014_x86_64.whl", hash = "sha256:acc07b2cfc5b835444b44a9956846b578d27beeacd4b52e45489e93276241025" },
    { url = "https://artifactory.infra.ant.dev/artifactory/api/pypi/pypi-all/pydantic-core/2.27.1/pydantic_core-2.27.1-cp311-cp311-manylinux_2_5_i686.manylinux1_i686.whl", hash = "sha256:4fefee876e07a6e9aad7a8c8c9f85b0cdbe7df52b8a9552307b09050f7512c7e" },
    { url = "https://artifactory.infra.ant.dev/artifactory/api/pypi/pypi-all/pydantic-core/2.27.1/pydantic_core-2.27.1-cp312-cp312-macosx_10_12_x86_64.whl", hash = "sha256:9cbd94fc661d2bab2bc702cddd2d3370bbdcc4cd0f8f57488a81bcce90c7a54f" },
    { url = "https://artifactory.infra.ant.dev/artifactory/api/pypi/pypi-all/pydantic-core/2.27.1/pydantic_core-2.27.1-cp312-cp312-macosx_11_0_arm64.whl", hash = "sha256:5f8c4718cd44ec1580e180cb739713ecda2bdee1341084c1467802a417fe0f02" },
    { url = "https://artifactory.infra.ant.dev/artifactory/api/pypi/pypi-all/pydantic-core/2.27.1/pydantic_core-2.27.1-cp312-cp312-manylinux_2_17_aarch64.manylinux2014_aarch64.whl", hash = "sha256:15aae984e46de8d376df515f00450d1522077254ef6b7ce189b38ecee7c9677c" },
    { url = "https://artifactory.infra.ant.dev/artifactory/api/pypi/pypi-all/pydantic-core/2.27.1/pydantic_core-2.27.1-cp312-cp312-manylinux_2_17_armv7l.manylinux2014_armv7l.whl", hash = "sha256:1ba5e3963344ff25fc8c40da90f44b0afca8cfd89d12964feb79ac1411a260ac" },
    { url = "https://artifactory.infra.ant.dev/artifactory/api/pypi/pypi-all/pydantic-core/2.27.1/pydantic_core-2.27.1-cp312-cp312-manylinux_2_17_ppc64le.manylinux2014_ppc64le.whl", hash = "sha256:992cea5f4f3b29d6b4f7f1726ed8ee46c8331c6b4eed6db5b40134c6fe1768bb" },
    { url = "https://artifactory.infra.ant.dev/artifactory/api/pypi/pypi-all/pydantic-core/2.27.1/pydantic_core-2.27.1-cp312-cp312-manylinux_2_17_s390x.manylinux2014_s390x.whl", hash = "sha256:0325336f348dbee6550d129b1627cb8f5351a9dc91aad141ffb96d4937bd9529" },
    { url = "https://artifactory.infra.ant.dev/artifactory/api/pypi/pypi-all/pydantic-core/2.27.1/pydantic_core-2.27.1-cp312-cp312-manylinux_2_17_x86_64.manylinux2014_x86_64.whl", hash = "sha256:7597c07fbd11515f654d6ece3d0e4e5093edc30a436c63142d9a4b8e22f19c35" },
    { url = "https://artifactory.infra.ant.dev/artifactory/api/pypi/pypi-all/pydantic-core/2.27.1/pydantic_core-2.27.1-cp312-cp312-manylinux_2_5_i686.manylinux1_i686.whl", hash = "sha256:3bbd5d8cc692616d5ef6fbbbd50dbec142c7e6ad9beb66b78a96e9c16729b089" },
]

[[package]]
name = "pydantic-settings"
version = "2.6.1"
source = { registry = "https://artifactory.infra.ant.dev/artifactory/api/pypi/pypi-all/simple" }
dependencies = [
    { name = "pydantic" },
    { name = "python-dotenv" },
]
sdist = { url = "https://artifactory.infra.ant.dev/artifactory/api/pypi/pypi-all/pydantic-settings/2.6.1/pydantic_settings-2.6.1.tar.gz", hash = "sha256:e0f92546d8a9923cb8941689abf85d6601a8c19a23e97a34b2964a2e3f813ca0" }
wheels = [
    { url = "https://artifactory.infra.ant.dev/artifactory/api/pypi/pypi-all/pydantic-settings/2.6.1/pydantic_settings-2.6.1-py3-none-any.whl", hash = "sha256:7fb0637c786a558d3103436278a7c4f1cfd29ba8973238a50c5bb9a55387da87" },
]

[[package]]
name = "pygments"
version = "2.18.0"
source = { registry = "https://artifactory.infra.ant.dev/artifactory/api/pypi/pypi-all/simple" }
wheels = [
    { url = "https://artifactory.infra.ant.dev/artifactory/api/pypi/pypi-all/pygments/2.18.0/pygments-2.18.0-py3-none-any.whl", hash = "sha256:b8e6aca0523f3ab76fee51799c488e38782ac06eafcf95e7ba832985c8e7b13a" },
]

[[package]]
name = "python-dotenv"
version = "1.0.1"
source = { registry = "https://artifactory.infra.ant.dev/artifactory/api/pypi/pypi-all/simple" }
sdist = { url = "https://artifactory.infra.ant.dev/artifactory/api/pypi/pypi-all/python-dotenv/1.0.1/python-dotenv-1.0.1.tar.gz", hash = "sha256:e324ee90a023d808f1959c46bcbc04446a10ced277783dc6ee09987c37ec10ca" }
wheels = [
    { url = "https://artifactory.infra.ant.dev/artifactory/api/pypi/pypi-all/python-dotenv/1.0.1/python_dotenv-1.0.1-py3-none-any.whl", hash = "sha256:f7b63ef50f1b690dddf550d03497b66d609393b40b564ed0d674909a68ebf16a" },
]

[[package]]
name = "rich"
version = "13.9.3"
source = { registry = "https://artifactory.infra.ant.dev/artifactory/api/pypi/pypi-all/simple" }
dependencies = [
    { name = "markdown-it-py" },
    { name = "pygments" },
    { name = "typing-extensions", marker = "python_full_version < '3.11'" },
]
sdist = { url = "https://artifactory.infra.ant.dev/artifactory/api/pypi/pypi-all/rich/13.9.3/rich-13.9.3.tar.gz", hash = "sha256:bc1e01b899537598cf02579d2b9f4a415104d3fc439313a7a2c165d76557a08e" }
wheels = [
    { url = "https://artifactory.infra.ant.dev/artifactory/api/pypi/pypi-all/rich/13.9.3/rich-13.9.3-py3-none-any.whl", hash = "sha256:9836f5096eb2172c9e77df411c1b009bace4193d6a481d534fea75ebba758283" },
]

[[package]]
name = "shellingham"
version = "1.5.4"
source = { registry = "https://artifactory.infra.ant.dev/artifactory/api/pypi/pypi-all/simple" }
sdist = { url = "https://artifactory.infra.ant.dev/artifactory/api/pypi/pypi-all/shellingham/1.5.4/shellingham-1.5.4.tar.gz", hash = "sha256:8dbca0739d487e5bd35ab3ca4b36e11c4078f3a234bfce294b0a0291363404de" }
wheels = [
    { url = "https://artifactory.infra.ant.dev/artifactory/api/pypi/pypi-all/shellingham/1.5.4/shellingham-1.5.4-py2.py3-none-any.whl", hash = "sha256:7ecfff8f2fd72616f7481040475a65b2bf8af90a56c89140852d1120324e8686" },
]

[[package]]
name = "sniffio"
version = "1.3.1"
source = { registry = "https://artifactory.infra.ant.dev/artifactory/api/pypi/pypi-all/simple" }
sdist = { url = "https://artifactory.infra.ant.dev/artifactory/api/pypi/pypi-all/sniffio/1.3.1/sniffio-1.3.1.tar.gz", hash = "sha256:f4324edc670a0f49750a81b895f35c3adb843cca46f0530f79fc1babb23789dc" }
wheels = [
    { url = "https://artifactory.infra.ant.dev/artifactory/api/pypi/pypi-all/sniffio/1.3.1/sniffio-1.3.1-py3-none-any.whl", hash = "sha256:2f6da418d1f1e0fddd844478f41680e794e6051915791a034ff65e5f100525a2" },
]

[[package]]
name = "sse-starlette"
version = "2.1.3"
source = { registry = "https://artifactory.infra.ant.dev/artifactory/api/pypi/pypi-all/simple" }
dependencies = [
    { name = "anyio" },
    { name = "starlette" },
    { name = "uvicorn" },
]
sdist = { url = "https://artifactory.infra.ant.dev/artifactory/api/pypi/pypi-all/sse-starlette/2.1.3/sse_starlette-2.1.3.tar.gz", hash = "sha256:9cd27eb35319e1414e3d2558ee7414487f9529ce3b3cf9b21434fd110e017169" }
wheels = [
    { url = "https://artifactory.infra.ant.dev/artifactory/api/pypi/pypi-all/sse-starlette/2.1.3/sse_starlette-2.1.3-py3-none-any.whl", hash = "sha256:8ec846438b4665b9e8c560fcdea6bc8081a3abf7942faa95e5a744999d219772" },
]

[[package]]
name = "starlette"
version = "0.41.2"
source = { registry = "https://artifactory.infra.ant.dev/artifactory/api/pypi/pypi-all/simple" }
dependencies = [
    { name = "anyio" },
]
sdist = { url = "https://artifactory.infra.ant.dev/artifactory/api/pypi/pypi-all/starlette/0.41.2/starlette-0.41.2.tar.gz", hash = "sha256:9834fd799d1a87fd346deb76158668cfa0b0d56f85caefe8268e2d97c3468b62" }
wheels = [
    { url = "https://artifactory.infra.ant.dev/artifactory/api/pypi/pypi-all/starlette/0.41.2/starlette-0.41.2-py3-none-any.whl", hash = "sha256:fbc189474b4731cf30fcef52f18a8d070e3f3b46c6a04c97579e85e6ffca942d" },
]

[[package]]
name = "typer"
version = "0.15.1"
source = { registry = "https://artifactory.infra.ant.dev/artifactory/api/pypi/pypi-all/simple" }
dependencies = [
    { name = "click" },
    { name = "rich" },
    { name = "shellingham" },
    { name = "typing-extensions" },
]
sdist = { url = "https://artifactory.infra.ant.dev/artifactory/api/pypi/pypi-all/typer/0.15.1/typer-0.15.1.tar.gz", hash = "sha256:a0588c0a7fa68a1978a069818657778f86abe6ff5ea6abf472f940a08bfe4f0a" }
wheels = [
    { url = "https://artifactory.infra.ant.dev/artifactory/api/pypi/pypi-all/typer/0.15.1/typer-0.15.1-py3-none-any.whl", hash = "sha256:7994fb7b8155b64d3402518560648446072864beefd44aa2dc36972a5972e847" },
]

[[package]]
name = "typing-extensions"
version = "4.12.2"
source = { registry = "https://artifactory.infra.ant.dev/artifactory/api/pypi/pypi-all/simple" }
sdist = { url = "https://artifactory.infra.ant.dev/artifactory/api/pypi/pypi-all/typing-extensions/4.12.2/typing_extensions-4.12.2.tar.gz", hash = "sha256:1a7ead55c7e559dd4dee8856e3a88b41225abfe1ce8df57b7c13915fe121ffb8" }
wheels = [
    { url = "https://artifactory.infra.ant.dev/artifactory/api/pypi/pypi-all/typing-extensions/4.12.2/typing_extensions-4.12.2-py3-none-any.whl", hash = "sha256:04e5ca0351e0f3f85c6853954072df659d0d13fac324d0072316b67d7794700d" },
]

[[package]]
name = "uvicorn"
version = "0.32.0"
source = { registry = "https://artifactory.infra.ant.dev/artifactory/api/pypi/pypi-all/simple" }
dependencies = [
    { name = "click" },
    { name = "h11" },
    { name = "typing-extensions", marker = "python_full_version < '3.11'" },
]
sdist = { url = "https://artifactory.infra.ant.dev/artifactory/api/pypi/pypi-all/uvicorn/0.32.0/uvicorn-0.32.0.tar.gz", hash = "sha256:f78b36b143c16f54ccdb8190d0a26b5f1901fe5a3c777e1ab29f26391af8551e" }
wheels = [
    { url = "https://artifactory.infra.ant.dev/artifactory/api/pypi/pypi-all/uvicorn/0.32.0/uvicorn-0.32.0-py3-none-any.whl", hash = "sha256:60b8f3a5ac027dcd31448f411ced12b5ef452c646f76f02f8cc3f25d8d26fd82" },
]

[[package]]
name = "weather"
version = "0.1.0"
source = { editable = "." }
dependencies = [
    { name = "httpx" },
    { name = "mcp", extra = ["cli"] },
]

[package.metadata]
requires-dist = [
    { name = "httpx", specifier = ">=0.27.2" },
    { name = "mcp", extras = ["cli"], specifier = ">=1.2.0" },
]
